
Microsoft Visual Studio Solution File, Format Version 12.00
# Visual Studio Version 17
VisualStudioVersion = 17.12.35514.174 d17.12
MinimumVisualStudioVersion = 10.0.40219.1
Project("{FAE04EC0-301F-11D3-BF4B-00C04F79EFBC}") = "Microservice_RatingService", "Microservice_RatingService\Microservice_RatingService.csproj", "{361B88A0-9EE1-4F65-86DF-1B26BEF9E7EB}"
EndProject
Global
	GlobalSection(SolutionConfigurationPlatforms) = preSolution
		Debug|Any CPU = Debug|Any CPU
		Release|Any CPU = Release|Any CPU
	EndGlobalSection
	GlobalSection(ProjectConfigurationPlatforms) = postSolution
		{361B88A0-9EE1-4F65-86DF-1B26BEF9E7EB}.Debug|Any CPU.ActiveCfg = Debug|Any CPU
		{361B88A0-9EE1-4F65-86DF-1B26BEF9E7EB}.Debug|Any CPU.Build.0 = Debug|Any CPU
		{361B88A0-9EE1-4F65-86DF-1B26BEF9E7EB}.Release|Any CPU.ActiveCfg = Release|Any CPU
		{361B88A0-9EE1-4F65-86DF-1B26BEF9E7EB}.Release|Any CPU.Build.0 = Release|Any CPU
	EndGlobalSection
	GlobalSection(SolutionProperties) = preSolution
		HideSolutionNode = FALSE
	EndGlobalSection
EndGlobal
